{
	"name": "typescript-native-bridge",
	"version": "0.0.0",
	"lockfileVersion": 3,
	"requires": true,
	"packages": {
		"": {
			"name": "typescript-native-bridge",
			"version": "0.0.0",
			"dependencies": {
				"koffi": "^2.16.0"
			}
		},
		"node_modules/.pnpm/koffi@2.16.2/node_modules/koffi": {
			"version": "2.16.2",
			"hasInstallScript": true,
			"license": "MIT",
			"funding": {
				"url": "https://liberapay.com/Koromix"
			}
		},
		"node_modules/koffi": {
			"resolved": "node_modules/.pnpm/koffi@2.16.2/node_modules/koffi",
			"link": true
		}
	}
}
